
Microsoft Visual Studio Solution File, Format Version 11.00
# Visual Studio 2010
Project("{FAE04EC0-301F-11D3-BF4B-00C04F79EFBC}") = "domtemple", "domtemple.csproj", "{49582BFF-02C3-44BD-8EB5-2D274F3AE58E}"
EndProject
Global
	GlobalSection(SolutionConfigurationPlatforms) = preSolution
		Debug|Any CPU = Debug|Any CPU
		Release|Any CPU = Release|Any CPU
	EndGlobalSection
	GlobalSection(ProjectConfigurationPlatforms) = postSolution
		{49582BFF-02C3-44BD-8EB5-2D274F3AE58E}.Debug|Any CPU.ActiveCfg = Debug|Any CPU
		{49582BFF-02C3-44BD-8EB5-2D274F3AE58E}.Debug|Any CPU.Build.0 = Debug|Any CPU
		{49582BFF-02C3-44BD-8EB5-2D274F3AE58E}.Release|Any CPU.ActiveCfg = Release|Any CPU
		{49582BFF-02C3-44BD-8EB5-2D274F3AE58E}.Release|Any CPU.Build.0 = Release|Any CPU
	EndGlobalSection
	GlobalSection(MonoDevelopProperties) = preSolution
		StartupItem = domtemple.csproj
	EndGlobalSection
EndGlobal
